
Microsoft Visual Studio Solution File, Format Version 12.00
# Visual Studio Version 17
VisualStudioVersion = 17.7.34024.191
MinimumVisualStudioVersion = 10.0.40219.1
Project("{FAE04EC0-301F-11D3-BF4B-00C04F79EFBC}") = "Graph test", "Graph test\Graph test.csproj", "{034BC7D2-2F22-4DDD-B40F-89BFE169E09B}"
EndProject
Global
	GlobalSection(SolutionConfigurationPlatforms) = preSolution
		Debug|Any CPU = Debug|Any CPU
		Release|Any CPU = Release|Any CPU
	EndGlobalSection
	GlobalSection(ProjectConfigurationPlatforms) = postSolution
		{034BC7D2-2F22-4DDD-B40F-89BFE169E09B}.Debug|Any CPU.ActiveCfg = Debug|Any CPU
		{034BC7D2-2F22-4DDD-B40F-89BFE169E09B}.Debug|Any CPU.Build.0 = Debug|Any CPU
		{034BC7D2-2F22-4DDD-B40F-89BFE169E09B}.Release|Any CPU.ActiveCfg = Release|Any CPU
		{034BC7D2-2F22-4DDD-B40F-89BFE169E09B}.Release|Any CPU.Build.0 = Release|Any CPU
	EndGlobalSection
	GlobalSection(SolutionProperties) = preSolution
		HideSolutionNode = FALSE
	EndGlobalSection
	GlobalSection(ExtensibilityGlobals) = postSolution
		SolutionGuid = {C0683654-A9DD-4990-80AD-B111FDA02D61}
	EndGlobalSection
EndGlobal
